FORGE
  remote: http://forge.puppetlabs.com
  specs:
    attachmentgenie/ssh (1.1.0)
      puppetlabs/stdlib (>= 2.2.1)
    attachmentgenie/ufw (1.2.0)
      puppetlabs/stdlib (>= 2.2.1)
    dwerder/graphite (2.4.1)
    pdxcat/collectd (0.0.3)
      puppetlabs/stdlib (>= 2.0.0)
    puppetlabs/apt (1.1.0)
      puppetlabs/stdlib (>= 2.2.1)
    puppetlabs/gcc (0.0.3)
    puppetlabs/stdlib (4.1.0)
    saz/dnsmasq (1.0.1)
    saz/ntp (2.0.3)
    saz/rsyslog (2.0.0)
    torrancew/account (0.0.3)

GIT
  remote: git://github.com/alphagov/puppet-backdrop.git
  ref: c943ad81655c95d41820fb46b03fdb9eb80b9fe9
  sha: c943ad81655c95d41820fb46b03fdb9eb80b9fe9
  specs:
    backdrop (0.0.1)

GIT
  remote: git://github.com/alphagov/puppet-collectd.git
  ref: e17cb3f06f5e26299de145da8fe18a218a10f3c4
  sha: e17cb3f06f5e26299de145da8fe18a218a10f3c4
  specs:
    collectd (0.0.3)
      puppetlabs/stdlib (>= 2.0.0)

GIT
  remote: git://github.com/alphagov/puppet-gstatsd.git
  ref: c7eb9b99c34194d92e9e8494bdeed1b29b43ed60
  sha: c7eb9b99c34194d92e9e8494bdeed1b29b43ed60
  specs:
    gstatsd (0.1.0)

GIT
  remote: git://github.com/alphagov/puppet-harden.git
  ref: 0966c98cc3f54815c9aac0ebe6e900b70f85182d
  sha: 0966c98cc3f54815c9aac0ebe6e900b70f85182d
  specs:
    harden (0.0.1)

GIT
  remote: git://github.com/alphagov/puppet-jenkins.git
  ref: 4c7990fa8495b6d84292c2153993ac91c3b2916d
  sha: 4c7990fa8495b6d84292c2153993ac91c3b2916d
  specs:
    jenkins (0.2.4)
      puppetlabs/apt (>= 0.0.3)
      puppetlabs/stdlib (>= 2.0.0)

GIT
  remote: git://github.com/alphagov/puppet-nginx.git
  ref: c5737d68d24c48a644917544f1958279a58b9a19
  sha: c5737d68d24c48a644917544f1958279a58b9a19
  specs:
    nginx (0.0.1)

GIT
  remote: git://github.com/alphagov/puppet-ssl.git
  ref: 23bbb5ab57f26269acce3d4b43e643781747a551
  sha: 23bbb5ab57f26269acce3d4b43e643781747a551
  specs:
    ssl (0.0.1)

GIT
  remote: git://github.com/alphagov/puppetlabs-mongodb.git
  ref: ac503036b882d08ce2700082ced748072eac784a
  sha: ac503036b882d08ce2700082ced748072eac784a
  specs:
    mongodb (0.1.0)
      puppetlabs/apt (>= 0.0.2)

GIT
  remote: git://github.com/bison/puppet-upstart.git
  ref: 05a10a3a58de3543eb51bb782a249cebf71f5cd8
  sha: 05a10a3a58de3543eb51bb782a249cebf71f5cd8
  specs:
    upstart (0.0.1)
      puppetlabs/stdlib (>= 0.1.6)

GIT
  remote: git://github.com/stankevich/puppet-python.git
  ref: f508b71d534f3c67db12886fa914cb4ef74bbe7a
  sha: f508b71d534f3c67db12886fa914cb4ef74bbe7a
  specs:
    python (1.0.0)

DEPENDENCIES
  attachmentgenie/ssh (= 1.1.0)
  attachmentgenie/ufw (= 1.2.0)
  backdrop (>= 0)
  collectd (>= 0)
  dwerder/graphite (= 2.4.1)
  gstatsd (>= 0)
  harden (>= 0)
  jenkins (>= 0)
  mongodb (>= 0)
  nginx (>= 0)
  pdxcat/collectd (= 0.0.3)
  puppetlabs/gcc (= 0.0.3)
  puppetlabs/stdlib (= 4.1.0)
  python (>= 0)
  saz/dnsmasq (= 1.0.1)
  saz/ntp (= 2.0.3)
  saz/rsyslog (= 2.0.0)
  ssl (>= 0)
  torrancew/account (= 0.0.3)
  upstart (>= 0)

