FORGE
  remote: http://forge.puppetlabs.com
  specs:
    attachmentgenie/ssh (1.1.0)
      puppetlabs/stdlib (>= 2.2.1)
    attachmentgenie/ufw (1.2.0)
      puppetlabs/stdlib (>= 2.2.1)
    puppetlabs/apt (1.1.0)
      puppetlabs/stdlib (>= 2.2.1)
    puppetlabs/gcc (0.0.3)
    puppetlabs/stdlib (4.1.0)
    torrancew/account (0.0.3)

GIT
  remote: git://github.com/alphagov/puppet-jenkins.git
  ref: master
  sha: 4c7990fa8495b6d84292c2153993ac91c3b2916d
  specs:
    jenkins (0.2.4)
      puppetlabs/apt (>= 0.0.3)
      puppetlabs/stdlib (>= 2.0.0)

GIT
  remote: git://github.com/alphagov/puppet-nginx.git
  ref: master
  sha: c5737d68d24c48a644917544f1958279a58b9a19
  specs:
    nginx (0.0.1)

GIT
  remote: git://github.com/alphagov/puppet-ssl.git
  ref: master
  sha: 23bbb5ab57f26269acce3d4b43e643781747a551
  specs:
    ssl (0.0.1)

GIT
  remote: git://github.com/alphagov/puppetlabs-mongodb.git
  ref: master
  sha: cac584b10f69e598c5ad712782c1a78119ba0501
  specs:
    mongodb (0.1.0)
      puppetlabs/apt (>= 0.0.2)

DEPENDENCIES
  attachmentgenie/ssh (= 1.1.0)
  attachmentgenie/ufw (= 1.2.0)
  jenkins (>= 0)
  mongodb (>= 0)
  nginx (>= 0)
  puppetlabs/gcc (= 0.0.3)
  puppetlabs/stdlib (= 4.1.0)
  ssl (>= 0)
  torrancew/account (= 0.0.3)

