FORGE
  remote: http://forge.puppetlabs.com
  specs:
    attachmentgenie/ssh (1.1.0)
      puppetlabs/stdlib (>= 2.2.1)
    attachmentgenie/ufw (1.2.0)
      puppetlabs/stdlib (>= 2.2.1)
    dwerder/graphite (3.0.1)
      puppetlabs/stdlib (>= 2.2.1)
    example42/monitor (2.0.1)
      example42/puppi (>= 2.0.0)
    example42/puppi (2.1.0)
    garethr/erlang (0.2.0)
      puppetlabs/apt (>= 0.0.0)
      puppetlabs/stdlib (>= 0.0.0)
      stahnma/epel (>= 0.0.0)
    maestrodev/wget (1.2.2)
    netmanagers/fail2ban (1.1.0)
      example42/monitor (>= 2.0.0)
      example42/puppi (>= 2.0.0)
      ripienaar/concat (>= 0.2.0)
    pdxcat/collectd (0.0.4)
      puppetlabs/stdlib (>= 2.6.0)
    puppetlabs/apt (1.1.0)
      puppetlabs/stdlib (>= 2.2.1)
    puppetlabs/gcc (0.0.3)
    puppetlabs/nodejs (0.4.0)
      puppetlabs/apt (>= 0.0.3)
      puppetlabs/stdlib (>= 2.0.0)
    puppetlabs/rabbitmq (3.0.0)
      garethr/erlang (>= 0.1.0)
      puppetlabs/apt (>= 1.0.0)
      puppetlabs/stdlib (>= 2.0.0)
    puppetlabs/stdlib (4.1.0)
    puppetlabs/vcsrepo (0.1.2)
    ripienaar/concat (0.2.0)
    saz/dnsmasq (1.0.1)
    saz/ntp (2.0.3)
    saz/rsyslog (2.0.0)
    smarchive/archive (0.1.1)
    stahnma/epel (0.0.5)
    thomasvandoren/redis (0.0.9)
      maestrodev/wget (>= 0.0.0)
      puppetlabs/gcc (>= 0.0.0)

GIT
  remote: git://github.com/alphagov/puppet-clamav.git
  ref: 31af4f0c2753dd25bca3dd0c7cc69d273c4d640d
  sha: 31af4f0c2753dd25bca3dd0c7cc69d273c4d640d
  specs:
    clamav (0.0.1)
      puppetlabs/stdlib (>= 3.0.0)

GIT
  remote: git://github.com/alphagov/puppet-collectd.git
  ref: e17cb3f06f5e26299de145da8fe18a218a10f3c4
  sha: e17cb3f06f5e26299de145da8fe18a218a10f3c4
  specs:
    collectd (0.0.3)
      puppetlabs/stdlib (>= 2.0.0)

GIT
  remote: git://github.com/alphagov/puppet-curl.git
  ref: f4c6d175bdc6cbd71f71fbaa2544ef8f70c4ce48
  sha: f4c6d175bdc6cbd71f71fbaa2544ef8f70c4ce48
  specs:
    curl (0.0.1)

GIT
  remote: git://github.com/alphagov/puppet-ext4mount.git
  ref: d97f99cc2801b83152b905d1285fa34e689cb499
  sha: d97f99cc2801b83152b905d1285fa34e689cb499
  specs:
    ext4mount (0.0.1)

GIT
  remote: git://github.com/alphagov/puppet-google_credentials.git
  ref: a64f9e5c051a0d38e59441457b52a7afeeebed24
  sha: a64f9e5c051a0d38e59441457b52a7afeeebed24
  specs:
    google_credentials (0.0.1)

GIT
  remote: git://github.com/alphagov/puppet-gstatsd.git
  ref: c7eb9b99c34194d92e9e8494bdeed1b29b43ed60
  sha: c7eb9b99c34194d92e9e8494bdeed1b29b43ed60
  specs:
    gstatsd (0.1.0)

GIT
  remote: git://github.com/alphagov/puppet-harden.git
  ref: 0966c98cc3f54815c9aac0ebe6e900b70f85182d
  sha: 0966c98cc3f54815c9aac0ebe6e900b70f85182d
  specs:
    harden (0.0.1)

GIT
  remote: git://github.com/alphagov/puppet-jenkins.git
  ref: 4c7990fa8495b6d84292c2153993ac91c3b2916d
  sha: 4c7990fa8495b6d84292c2153993ac91c3b2916d
  specs:
    jenkins (0.2.4)
      puppetlabs/apt (>= 0.0.3)
      puppetlabs/stdlib (>= 2.0.0)

GIT
  remote: git://github.com/alphagov/puppet-logstash.git
  ref: gen-files-should-notify
  sha: f2b639f6f1bd84be7889df5a1fd4e341767a827e
  specs:
    logstash (0.3.3)
      puppetlabs/stdlib (>= 3.0.0)

GIT
  remote: git://github.com/alphagov/puppet-lumberjack.git
  ref: develop
  sha: 275bc7654de6ffd5855f3d2cda2e232f92812022
  specs:
    lumberjack (0.0.1)

GIT
  remote: git://github.com/alphagov/puppet-nginx.git
  ref: e60b12ddfbf22862ad0fdcc12056b5c5f3089795
  sha: e60b12ddfbf22862ad0fdcc12056b5c5f3089795
  specs:
    nginx (0.0.1)

GIT
  remote: git://github.com/alphagov/puppet-ssl.git
  ref: 23bbb5ab57f26269acce3d4b43e643781747a551
  sha: 23bbb5ab57f26269acce3d4b43e643781747a551
  specs:
    ssl (0.0.1)

GIT
  remote: git://github.com/alphagov/puppetlabs-mongodb.git
  ref: dc077a209efdf8d80fac40d40fec575b6a0949d2
  sha: dc077a209efdf8d80fac40d40fec575b6a0949d2
  specs:
    mongodb (0.1.0)
      puppetlabs/apt (>= 0.0.2)

GIT
  remote: git://github.com/alphagov/sensu-puppet.git
  ref: fix-check-deps
  sha: 66d80a3c84c08074a26ce6ae967f109eeb97b77f
  specs:
    sensu (0.7.5)
      puppetlabs/apt (>= 0.0.1)
      puppetlabs/stdlib (>= 0.0.1)

GIT
  remote: git://github.com/bison/puppet-upstart.git
  ref: 05a10a3a58de3543eb51bb782a249cebf71f5cd8
  sha: 05a10a3a58de3543eb51bb782a249cebf71f5cd8
  specs:
    upstart (0.0.1)
      puppetlabs/stdlib (>= 0.1.6)

GIT
  remote: git://github.com/endore-me/puppet-tmux.git
  ref: 32db4ac6ad65a934c5eddd9afcf0c4f61f7c0924
  sha: 32db4ac6ad65a934c5eddd9afcf0c4f61f7c0924
  specs:
    tmux (0.0.1)

GIT
  remote: git://github.com/gds-operations/puppet-elasticsearch.git
  ref: d15521e6cb215a809d92692e76a1d0cac111d9a0
  sha: d15521e6cb215a809d92692e76a1d0cac111d9a0
  specs:
    elasticsearch (0.0.1)
      puppetlabs/stdlib (>= 3.0.0)

GIT
  remote: git://github.com/stankevich/puppet-python.git
  ref: f508b71d534f3c67db12886fa914cb4ef74bbe7a
  sha: f508b71d534f3c67db12886fa914cb4ef74bbe7a
  specs:
    python (1.0.0)

GIT
  remote: https://github.com/alphagov/puppet-account.git
  ref: feature/multiple-ssh-keys
  sha: bcd1a5f3600478a4f914137e935185a498f59a79
  specs:
    account (0.0.5)

DEPENDENCIES
  account (>= 0)
  attachmentgenie/ssh (= 1.1.0)
  attachmentgenie/ufw (= 1.2.0)
  clamav (>= 0)
  collectd (>= 0)
  curl (>= 0)
  dwerder/graphite (= 3.0.1)
  elasticsearch (>= 0)
  ext4mount (>= 0)
  google_credentials (>= 0)
  gstatsd (>= 0)
  harden (>= 0)
  jenkins (>= 0)
  logstash (>= 0)
  lumberjack (>= 0)
  mongodb (>= 0)
  netmanagers/fail2ban (= 1.1.0)
  nginx (>= 0)
  pdxcat/collectd (= 0.0.4)
  puppetlabs/gcc (= 0.0.3)
  puppetlabs/nodejs (= 0.4.0)
  puppetlabs/rabbitmq (= 3.0.0)
  puppetlabs/stdlib (= 4.1.0)
  puppetlabs/vcsrepo (= 0.1.2)
  python (>= 0)
  saz/dnsmasq (= 1.0.1)
  saz/ntp (= 2.0.3)
  saz/rsyslog (= 2.0.0)
  sensu (>= 0)
  smarchive/archive (= 0.1.1)
  ssl (>= 0)
  thomasvandoren/redis (= 0.0.9)
  tmux (>= 0)
  upstart (>= 0)

